
Microsoft Visual Studio Solution File, Format Version 12.00
# Visual Studio Version 17
VisualStudioVersion = 17.2.32616.157
MinimumVisualStudioVersion = 10.0.40219.1
Project("{8BC9CEB8-8B4A-11D0-8D11-00A0C91BC942}") = "Client", "Client\Client.vcxproj", "{FD1559BE-C31F-4DBD-8F51-366EEE664FEC}"
	ProjectSection(ProjectDependencies) = postProject
		{9764A3C6-BEFD-4CCD-B5FE-3A130EDE9255} = {9764A3C6-BEFD-4CCD-B5FE-3A130EDE9255}
	EndProjectSection
EndProject
Project("{8BC9CEB8-8B4A-11D0-8D11-00A0C91BC942}") = "Engine", "Engine\Engine.vcxproj", "{9764A3C6-BEFD-4CCD-B5FE-3A130EDE9255}"
	ProjectSection(ProjectDependencies) = postProject
		{E0B52AE7-E160-4D32-BF3F-910B785E5A8E} = {E0B52AE7-E160-4D32-BF3F-910B785E5A8E}
	EndProjectSection
EndProject
Project("{8BC9CEB8-8B4A-11D0-8D11-00A0C91BC942}") = "DirectXTK_Desktop_2022", "DirectXTK\DirectXTK_Desktop_2022.vcxproj", "{E0B52AE7-E160-4D32-BF3F-910B785E5A8E}"
EndProject
Global
	GlobalSection(SolutionConfigurationPlatforms) = preSolution
		Debug|x64 = Debug|x64
		Debug|x86 = Debug|x86
		Release|x64 = Release|x64
		Release|x86 = Release|x86
	EndGlobalSection
	GlobalSection(ProjectConfigurationPlatforms) = postSolution
		{FD1559BE-C31F-4DBD-8F51-366EEE664FEC}.Debug|x64.ActiveCfg = Debug|x64
		{FD1559BE-C31F-4DBD-8F51-366EEE664FEC}.Debug|x64.Build.0 = Debug|x64
		{FD1559BE-C31F-4DBD-8F51-366EEE664FEC}.Debug|x86.ActiveCfg = Debug|Win32
		{FD1559BE-C31F-4DBD-8F51-366EEE664FEC}.Debug|x86.Build.0 = Debug|Win32
		{FD1559BE-C31F-4DBD-8F51-366EEE664FEC}.Release|x64.ActiveCfg = Release|x64
		{FD1559BE-C31F-4DBD-8F51-366EEE664FEC}.Release|x64.Build.0 = Release|x64
		{FD1559BE-C31F-4DBD-8F51-366EEE664FEC}.Release|x86.ActiveCfg = Release|Win32
		{FD1559BE-C31F-4DBD-8F51-366EEE664FEC}.Release|x86.Build.0 = Release|Win32
		{9764A3C6-BEFD-4CCD-B5FE-3A130EDE9255}.Debug|x64.ActiveCfg = Debug|x64
		{9764A3C6-BEFD-4CCD-B5FE-3A130EDE9255}.Debug|x64.Build.0 = Debug|x64
		{9764A3C6-BEFD-4CCD-B5FE-3A130EDE9255}.Debug|x86.ActiveCfg = Debug|Win32
		{9764A3C6-BEFD-4CCD-B5FE-3A130EDE9255}.Debug|x86.Build.0 = Debug|Win32
		{9764A3C6-BEFD-4CCD-B5FE-3A130EDE9255}.Release|x64.ActiveCfg = Release|x64
		{9764A3C6-BEFD-4CCD-B5FE-3A130EDE9255}.Release|x64.Build.0 = Release|x64
		{9764A3C6-BEFD-4CCD-B5FE-3A130EDE9255}.Release|x86.ActiveCfg = Release|Win32
		{9764A3C6-BEFD-4CCD-B5FE-3A130EDE9255}.Release|x86.Build.0 = Release|Win32
		{E0B52AE7-E160-4D32-BF3F-910B785E5A8E}.Debug|x64.ActiveCfg = Debug|x64
		{E0B52AE7-E160-4D32-BF3F-910B785E5A8E}.Debug|x86.ActiveCfg = Debug|Win32
		{E0B52AE7-E160-4D32-BF3F-910B785E5A8E}.Debug|x86.Build.0 = Debug|Win32
		{E0B52AE7-E160-4D32-BF3F-910B785E5A8E}.Release|x64.ActiveCfg = Release|x64
		{E0B52AE7-E160-4D32-BF3F-910B785E5A8E}.Release|x86.ActiveCfg = Release|Win32
		{E0B52AE7-E160-4D32-BF3F-910B785E5A8E}.Release|x86.Build.0 = Release|Win32
	EndGlobalSection
	GlobalSection(SolutionProperties) = preSolution
		HideSolutionNode = FALSE
	EndGlobalSection
	GlobalSection(ExtensibilityGlobals) = postSolution
		SolutionGuid = {42D2A4A2-CA5A-45B6-AC9C-30C0B8E00358}
	EndGlobalSection
EndGlobal
