<?xml version="1.0" encoding="utf-8"?>
<Project ToolsVersion="4.0" xmlns="http://schemas.microsoft.com/developer/msbuild/2003">
  <ItemGroup>
    <Filter Include="Default">
      <UniqueIdentifier>{6b80eed1-a7d5-4e13-b4de-6268b5bbeb91}</UniqueIdentifier>
    </Filter>
    <Filter Include="Source">
      <UniqueIdentifier>{96964434-47b2-40f3-b6c5-41f021801a48}</UniqueIdentifier>
    </Filter>
    <Filter Include="Source\00.Header">
      <UniqueIdentifier>{2cfed074-0f4e-420e-b5de-a71087785753}</UniqueIdentifier>
    </Filter>
    <Filter Include="Source\01.Engine">
      <UniqueIdentifier>{23106af0-b042-48c9-88f5-583f1e34995b}</UniqueIdentifier>
    </Filter>
    <Filter Include="Source\02.Device">
      <UniqueIdentifier>{c8194665-850f-4bb9-a388-ff14e9b8dcad}</UniqueIdentifier>
    </Filter>
    <Filter Include="Source\03.Manager">
      <UniqueIdentifier>{85dcc10e-6f15-419f-b4f4-5058e7bebcf5}</UniqueIdentifier>
    </Filter>
    <Filter Include="Source\03.Manager\01.PathMgr">
      <UniqueIdentifier>{a5c894cd-c09c-4c32-a9b3-9bee6b5782b3}</UniqueIdentifier>
    </Filter>
    <Filter Include="Source\03.Manager\02.TimeMgr">
      <UniqueIdentifier>{983e3456-6442-477b-ab2c-c24b22704dfa}</UniqueIdentifier>
    </Filter>
    <Filter Include="Source\03.Manager\03.KeyMgr">
      <UniqueIdentifier>{ee822815-83a1-464c-b1e1-717b01ee21ef}</UniqueIdentifier>
    </Filter>
    <Filter Include="Source\08.Module">
      <UniqueIdentifier>{16f351cc-c8da-4ce7-9b30-12684ef10b7b}</UniqueIdentifier>
    </Filter>
    <Filter Include="Source\05.GameObject">
      <UniqueIdentifier>{c5440d12-3ce9-4618-ab8b-f49e99f4862a}</UniqueIdentifier>
    </Filter>
    <Filter Include="Source\06.Component">
      <UniqueIdentifier>{eacdfd51-6d98-4a84-aabb-16e9eddf2eaf}</UniqueIdentifier>
    </Filter>
    <Filter Include="Source\07.Resource">
      <UniqueIdentifier>{9b49151c-8b1c-42f4-8c6a-b4cd1846b6b8}</UniqueIdentifier>
    </Filter>
    <Filter Include="Source\08.ShaderCode">
      <UniqueIdentifier>{7bfe41ae-c4c4-475d-a46b-13ee71916cf9}</UniqueIdentifier>
    </Filter>
    <Filter Include="Source\06.Component\1. Transform">
      <UniqueIdentifier>{dd743318-a273-41fc-b25e-ebed8dab00ce}</UniqueIdentifier>
    </Filter>
    <Filter Include="Source\06.Component\RenderComponent">
      <UniqueIdentifier>{9bc03bf3-370c-441b-b51a-9c1e2bc1a639}</UniqueIdentifier>
    </Filter>
    <Filter Include="Source\06.Component\RenderComponent\1.MeshRender">
      <UniqueIdentifier>{31269388-18c2-4d9f-b430-e62a68c9bcef}</UniqueIdentifier>
    </Filter>
    <Filter Include="Source\07.Resource\1. Mesh">
      <UniqueIdentifier>{25669481-1db0-44c6-8558-7324efcdf630}</UniqueIdentifier>
    </Filter>
    <Filter Include="Source\06.Component\Script">
      <UniqueIdentifier>{cb34cfdd-9da7-4922-bacb-87293be0a26f}</UniqueIdentifier>
    </Filter>
    <Filter Include="Source\07.Resource\4. Shader">
      <UniqueIdentifier>{1f84bca9-e7f0-4de0-a23c-a146a617ca84}</UniqueIdentifier>
    </Filter>
    <Filter Include="Source\07.Resource\4. Shader\GraphicsShader">
      <UniqueIdentifier>{3462b64c-8b35-4d91-bfda-ca1a80a451e6}</UniqueIdentifier>
    </Filter>
    <Filter Include="Source\02.Device\ConstBuffer">
      <UniqueIdentifier>{6432acb4-3816-446b-b96e-e93e4235ca32}</UniqueIdentifier>
    </Filter>
    <Filter Include="Source\03.Manager\05.ResourceMgr">
      <UniqueIdentifier>{aa414dd0-e215-4b25-ad80-8d84c3ac1bfc}</UniqueIdentifier>
    </Filter>
  </ItemGroup>
  <ItemGroup>
    <ClInclude Include="framework.h">
      <Filter>Default</Filter>
    </ClInclude>
    <ClInclude Include="pch.h">
      <Filter>Default</Filter>
    </ClInclude>
    <ClInclude Include="CEngine.h">
      <Filter>Source\01.Engine</Filter>
    </ClInclude>
    <ClInclude Include="global.h">
      <Filter>Source\00.Header</Filter>
    </ClInclude>
    <ClInclude Include="CDevice.h">
      <Filter>Source\02.Device</Filter>
    </ClInclude>
    <ClInclude Include="CPathMgr.h">
      <Filter>Source\03.Manager\01.PathMgr</Filter>
    </ClInclude>
    <ClInclude Include="CTimeMgr.h">
      <Filter>Source\03.Manager\02.TimeMgr</Filter>
    </ClInclude>
    <ClInclude Include="CKeyMgr.h">
      <Filter>Source\03.Manager\03.KeyMgr</Filter>
    </ClInclude>
    <ClInclude Include="struct.h">
      <Filter>Source\00.Header</Filter>
    </ClInclude>
    <ClInclude Include="define.h">
      <Filter>Source\00.Header</Filter>
    </ClInclude>
    <ClInclude Include="CSingleton.h">
      <Filter>Source\08.Module</Filter>
    </ClInclude>
    <ClInclude Include="CEntity.h">
      <Filter>Source</Filter>
    </ClInclude>
    <ClInclude Include="CComponent.h">
      <Filter>Source\06.Component</Filter>
    </ClInclude>
    <ClInclude Include="CGameObject.h">
      <Filter>Source\05.GameObject</Filter>
    </ClInclude>
    <ClInclude Include="func.h">
      <Filter>Source\00.Header</Filter>
    </ClInclude>
    <ClInclude Include="CResource.h">
      <Filter>Source\07.Resource</Filter>
    </ClInclude>
    <ClInclude Include="CTransform.h">
      <Filter>Source\06.Component\1. Transform</Filter>
    </ClInclude>
    <ClInclude Include="resource.h" />
    <ClInclude Include="CMeshRender.h">
      <Filter>Source\06.Component\RenderComponent\1.MeshRender</Filter>
    </ClInclude>
    <ClInclude Include="CShader.h">
      <Filter>Source\07.Resource\4. Shader</Filter>
    </ClInclude>
    <ClInclude Include="CGraphicsShader.h">
      <Filter>Source\07.Resource\4. Shader\GraphicsShader</Filter>
    </ClInclude>
    <ClInclude Include="CMesh.h">
      <Filter>Source\07.Resource\1. Mesh</Filter>
    </ClInclude>
    <ClInclude Include="CScript.h">
      <Filter>Source\06.Component\Script</Filter>
    </ClInclude>
    <ClInclude Include="CConstBuffer.h">
      <Filter>Source\02.Device\ConstBuffer</Filter>
    </ClInclude>
    <ClInclude Include="CResourceMgr.h">
      <Filter>Source\03.Manager\05.ResourceMgr</Filter>
    </ClInclude>
    <ClInclude Include="ptr.h">
      <Filter>Source\03.Manager\05.ResourceMgr</Filter>
    </ClInclude>
    <ClInclude Include="CTest.h">
      <Filter>Source</Filter>
    </ClInclude>
  </ItemGroup>
  <ItemGroup>
    <ClCompile Include="Engine.cpp">
      <Filter>Default</Filter>
    </ClCompile>
    <ClCompile Include="pch.cpp">
      <Filter>Default</Filter>
    </ClCompile>
    <ClCompile Include="CEngine.cpp">
      <Filter>Source\01.Engine</Filter>
    </ClCompile>
    <ClCompile Include="CDevice.cpp">
      <Filter>Source\02.Device</Filter>
    </ClCompile>
    <ClCompile Include="CPathMgr.cpp">
      <Filter>Source\03.Manager\01.PathMgr</Filter>
    </ClCompile>
    <ClCompile Include="CTimeMgr.cpp">
      <Filter>Source\03.Manager\02.TimeMgr</Filter>
    </ClCompile>
    <ClCompile Include="CKeyMgr.cpp">
      <Filter>Source\03.Manager\03.KeyMgr</Filter>
    </ClCompile>
    <ClCompile Include="CEntity.cpp">
      <Filter>Source</Filter>
    </ClCompile>
    <ClCompile Include="CGameObject.cpp">
      <Filter>Source\05.GameObject</Filter>
    </ClCompile>
    <ClCompile Include="CResource.cpp">
      <Filter>Source\07.Resource</Filter>
    </ClCompile>
    <ClCompile Include="CTransform.cpp">
      <Filter>Source\06.Component\1. Transform</Filter>
    </ClCompile>
    <ClCompile Include="CMeshRender.cpp">
      <Filter>Source\06.Component\RenderComponent\1.MeshRender</Filter>
    </ClCompile>
    <ClCompile Include="CShader.cpp">
      <Filter>Source\07.Resource\4. Shader</Filter>
    </ClCompile>
    <ClCompile Include="CGraphicsShader.cpp">
      <Filter>Source\07.Resource\4. Shader\GraphicsShader</Filter>
    </ClCompile>
    <ClCompile Include="CMesh.cpp">
      <Filter>Source\07.Resource\1. Mesh</Filter>
    </ClCompile>
    <ClCompile Include="CComponent.cpp">
      <Filter>Source\06.Component</Filter>
    </ClCompile>
    <ClCompile Include="CScript.cpp">
      <Filter>Source\06.Component\Script</Filter>
    </ClCompile>
    <ClCompile Include="CConstBuffer.cpp">
      <Filter>Source\02.Device\ConstBuffer</Filter>
    </ClCompile>
    <ClCompile Include="CResourceMgr.cpp">
      <Filter>Source\03.Manager\05.ResourceMgr</Filter>
    </ClCompile>
  </ItemGroup>
  <ItemGroup>
    <FxCompile Include="test.fx">
      <Filter>Source\08.ShaderCode</Filter>
    </FxCompile>
  </ItemGroup>
  <ItemGroup>
    <ResourceCompile Include="Engine.rc" />
  </ItemGroup>
</Project>